
Microsoft Visual Studio Solution File, Format Version 12.00
# Visual Studio 15
VisualStudioVersion = 15.0.27428.2011
MinimumVisualStudioVersion = 10.0.40219.1
Project("{FAE04EC0-301F-11D3-BF4B-00C04F79EFBC}") = "WinstonTraining.Web", "WinstonTraining.Web\WinstonTraining.Web.csproj", "{959BFF95-EA3C-4832-977A-3A81B710609E}"
EndProject
Project("{FAE04EC0-301F-11D3-BF4B-00C04F79EFBC}") = "WinstonTraining.Core", "WinstonTraining.Core\WinstonTraining.Core.csproj", "{AD2D4D82-4A60-4948-BC24-9E1B62204480}"
EndProject
Global
	GlobalSection(SolutionConfigurationPlatforms) = preSolution
		Debug|Any CPU = Debug|Any CPU
		Release|Any CPU = Release|Any CPU
	EndGlobalSection
	GlobalSection(ProjectConfigurationPlatforms) = postSolution
		{959BFF95-EA3C-4832-977A-3A81B710609E}.Debug|Any CPU.ActiveCfg = Debug|Any CPU
		{959BFF95-EA3C-4832-977A-3A81B710609E}.Debug|Any CPU.Build.0 = Debug|Any CPU
		{959BFF95-EA3C-4832-977A-3A81B710609E}.Release|Any CPU.ActiveCfg = Release|Any CPU
		{959BFF95-EA3C-4832-977A-3A81B710609E}.Release|Any CPU.Build.0 = Release|Any CPU
		{AD2D4D82-4A60-4948-BC24-9E1B62204480}.Debug|Any CPU.ActiveCfg = Debug|Any CPU
		{AD2D4D82-4A60-4948-BC24-9E1B62204480}.Debug|Any CPU.Build.0 = Debug|Any CPU
		{AD2D4D82-4A60-4948-BC24-9E1B62204480}.Release|Any CPU.ActiveCfg = Release|Any CPU
		{AD2D4D82-4A60-4948-BC24-9E1B62204480}.Release|Any CPU.Build.0 = Release|Any CPU
	EndGlobalSection
	GlobalSection(SolutionProperties) = preSolution
		HideSolutionNode = FALSE
	EndGlobalSection
	GlobalSection(ExtensibilityGlobals) = postSolution
		SolutionGuid = {5734E1CF-C483-4425-9237-C5AA27C7743D}
	EndGlobalSection
EndGlobal
